
Microsoft Visual Studio Solution File, Format Version 12.00
# Visual Studio Version 17
VisualStudioVersion = 17.11.35208.52
MinimumVisualStudioVersion = 10.0.40219.1
Project("{FAE04EC0-301F-11D3-BF4B-00C04F79EFBC}") = "1l", "1l\1l.csproj", "{FE865598-E4D0-42AF-B5ED-D053A78E2D0C}"
EndProject
Global
	GlobalSection(SolutionConfigurationPlatforms) = preSolution
		Debug|Any CPU = Debug|Any CPU
		Release|Any CPU = Release|Any CPU
	EndGlobalSection
	GlobalSection(ProjectConfigurationPlatforms) = postSolution
		{FE865598-E4D0-42AF-B5ED-D053A78E2D0C}.Debug|Any CPU.ActiveCfg = Debug|Any CPU
		{FE865598-E4D0-42AF-B5ED-D053A78E2D0C}.Debug|Any CPU.Build.0 = Debug|Any CPU
		{FE865598-E4D0-42AF-B5ED-D053A78E2D0C}.Release|Any CPU.ActiveCfg = Release|Any CPU
		{FE865598-E4D0-42AF-B5ED-D053A78E2D0C}.Release|Any CPU.Build.0 = Release|Any CPU
	EndGlobalSection
	GlobalSection(SolutionProperties) = preSolution
		HideSolutionNode = FALSE
	EndGlobalSection
	GlobalSection(ExtensibilityGlobals) = postSolution
		SolutionGuid = {38E2828A-D94A-4152-8272-EB4EE0E05E36}
	EndGlobalSection
EndGlobal
